
Microsoft Visual Studio Solution File, Format Version 12.00
# Visual Studio Version 17
VisualStudioVersion = 17.3.32825.248
MinimumVisualStudioVersion = 10.0.40219.1
Project("{FAE04EC0-301F-11D3-BF4B-00C04F79EFBC}") = "P01Wstep", "P01Wstep\P01Wstep.csproj", "{466C42FF-15DB-41BE-8F90-5AC0E19588DB}"
EndProject
Project("{FAE04EC0-301F-11D3-BF4B-00C04F79EFBC}") = "P02OperacjeNaNapisach", "P02OperacjeNaNapisach\P02OperacjeNaNapisach.csproj", "{F55F919F-A76D-45E2-BBA4-12AA31C9284A}"
EndProject
Project("{FAE04EC0-301F-11D3-BF4B-00C04F79EFBC}") = "P03WczytywanieDanych", "P03WczytywanieDanych\P03WczytywanieDanych.csproj", "{707B8967-69FD-4EC4-B06C-D4E0B778B827}"
EndProject
Project("{FAE04EC0-301F-11D3-BF4B-00C04F79EFBC}") = "P04ZadanieNapisy", "P04ZadanieNapisy\P04ZadanieNapisy.csproj", "{7B553DF6-B5A0-4BE7-B461-E16503BC0C8F}"
EndProject
Project("{FAE04EC0-301F-11D3-BF4B-00C04F79EFBC}") = "P05Debugowanie", "P05Debugowanie\P05Debugowanie.csproj", "{64204D6A-7898-4A48-B33A-82C87E87C981}"
EndProject
Project("{FAE04EC0-301F-11D3-BF4B-00C04F79EFBC}") = "P06Operatory", "P06Operatory\P06Operatory.csproj", "{7896BD83-542D-4946-B237-8FC9ED7C4274}"
EndProject
Project("{FAE04EC0-301F-11D3-BF4B-00C04F79EFBC}") = "P07InstrukcjeWarunkowe", "P07InstrukcjeWarunkowe\P07InstrukcjeWarunkowe.csproj", "{40E17807-0A68-46AA-986E-36A32E0271FD}"
EndProject
Project("{FAE04EC0-301F-11D3-BF4B-00C04F79EFBC}") = "P08ZadanieInstrukcjeWArunkowe", "P08ZadanieInstrukcjeWArunkowe\P08ZadanieInstrukcjeWArunkowe.csproj", "{2A4F0746-3E76-4BCF-88FF-4F92664A3859}"
EndProject
Project("{FAE04EC0-301F-11D3-BF4B-00C04F79EFBC}") = "P09Switch", "P09Switch\P09Switch.csproj", "{35C7B05F-3E96-4C0A-9BAE-3F74BEB5DDD2}"
EndProject
Project("{FAE04EC0-301F-11D3-BF4B-00C04F79EFBC}") = "P10Petle", "P10Petle\P10Petle.csproj", "{B188F423-0964-4002-AB43-72ED72B423AA}"
EndProject
Project("{FAE04EC0-301F-11D3-BF4B-00C04F79EFBC}") = "P11PetleBreake", "P11PetleBreake\P11PetleBreake.csproj", "{2EE26F05-A022-40B5-949C-D97641341BBE}"
EndProject
Project("{FAE04EC0-301F-11D3-BF4B-00C04F79EFBC}") = "P12ZadaniePetle", "P12ZadaniePetle\P12ZadaniePetle.csproj", "{148F8202-FC73-40ED-BDBB-2C6D33E52EFC}"
EndProject
Global
	GlobalSection(SolutionConfigurationPlatforms) = preSolution
		Debug|Any CPU = Debug|Any CPU
		Release|Any CPU = Release|Any CPU
	EndGlobalSection
	GlobalSection(ProjectConfigurationPlatforms) = postSolution
		{466C42FF-15DB-41BE-8F90-5AC0E19588DB}.Debug|Any CPU.ActiveCfg = Debug|Any CPU
		{466C42FF-15DB-41BE-8F90-5AC0E19588DB}.Debug|Any CPU.Build.0 = Debug|Any CPU
		{466C42FF-15DB-41BE-8F90-5AC0E19588DB}.Release|Any CPU.ActiveCfg = Release|Any CPU
		{466C42FF-15DB-41BE-8F90-5AC0E19588DB}.Release|Any CPU.Build.0 = Release|Any CPU
		{F55F919F-A76D-45E2-BBA4-12AA31C9284A}.Debug|Any CPU.ActiveCfg = Debug|Any CPU
		{F55F919F-A76D-45E2-BBA4-12AA31C9284A}.Debug|Any CPU.Build.0 = Debug|Any CPU
		{F55F919F-A76D-45E2-BBA4-12AA31C9284A}.Release|Any CPU.ActiveCfg = Release|Any CPU
		{F55F919F-A76D-45E2-BBA4-12AA31C9284A}.Release|Any CPU.Build.0 = Release|Any CPU
		{707B8967-69FD-4EC4-B06C-D4E0B778B827}.Debug|Any CPU.ActiveCfg = Debug|Any CPU
		{707B8967-69FD-4EC4-B06C-D4E0B778B827}.Debug|Any CPU.Build.0 = Debug|Any CPU
		{707B8967-69FD-4EC4-B06C-D4E0B778B827}.Release|Any CPU.ActiveCfg = Release|Any CPU
		{707B8967-69FD-4EC4-B06C-D4E0B778B827}.Release|Any CPU.Build.0 = Release|Any CPU
		{7B553DF6-B5A0-4BE7-B461-E16503BC0C8F}.Debug|Any CPU.ActiveCfg = Debug|Any CPU
		{7B553DF6-B5A0-4BE7-B461-E16503BC0C8F}.Debug|Any CPU.Build.0 = Debug|Any CPU
		{7B553DF6-B5A0-4BE7-B461-E16503BC0C8F}.Release|Any CPU.ActiveCfg = Release|Any CPU
		{7B553DF6-B5A0-4BE7-B461-E16503BC0C8F}.Release|Any CPU.Build.0 = Release|Any CPU
		{64204D6A-7898-4A48-B33A-82C87E87C981}.Debug|Any CPU.ActiveCfg = Debug|Any CPU
		{64204D6A-7898-4A48-B33A-82C87E87C981}.Debug|Any CPU.Build.0 = Debug|Any CPU
		{64204D6A-7898-4A48-B33A-82C87E87C981}.Release|Any CPU.ActiveCfg = Release|Any CPU
		{64204D6A-7898-4A48-B33A-82C87E87C981}.Release|Any CPU.Build.0 = Release|Any CPU
		{7896BD83-542D-4946-B237-8FC9ED7C4274}.Debug|Any CPU.ActiveCfg = Debug|Any CPU
		{7896BD83-542D-4946-B237-8FC9ED7C4274}.Debug|Any CPU.Build.0 = Debug|Any CPU
		{7896BD83-542D-4946-B237-8FC9ED7C4274}.Release|Any CPU.ActiveCfg = Release|Any CPU
		{7896BD83-542D-4946-B237-8FC9ED7C4274}.Release|Any CPU.Build.0 = Release|Any CPU
		{40E17807-0A68-46AA-986E-36A32E0271FD}.Debug|Any CPU.ActiveCfg = Debug|Any CPU
		{40E17807-0A68-46AA-986E-36A32E0271FD}.Debug|Any CPU.Build.0 = Debug|Any CPU
		{40E17807-0A68-46AA-986E-36A32E0271FD}.Release|Any CPU.ActiveCfg = Release|Any CPU
		{40E17807-0A68-46AA-986E-36A32E0271FD}.Release|Any CPU.Build.0 = Release|Any CPU
		{2A4F0746-3E76-4BCF-88FF-4F92664A3859}.Debug|Any CPU.ActiveCfg = Debug|Any CPU
		{2A4F0746-3E76-4BCF-88FF-4F92664A3859}.Debug|Any CPU.Build.0 = Debug|Any CPU
		{2A4F0746-3E76-4BCF-88FF-4F92664A3859}.Release|Any CPU.ActiveCfg = Release|Any CPU
		{2A4F0746-3E76-4BCF-88FF-4F92664A3859}.Release|Any CPU.Build.0 = Release|Any CPU
		{35C7B05F-3E96-4C0A-9BAE-3F74BEB5DDD2}.Debug|Any CPU.ActiveCfg = Debug|Any CPU
		{35C7B05F-3E96-4C0A-9BAE-3F74BEB5DDD2}.Debug|Any CPU.Build.0 = Debug|Any CPU
		{35C7B05F-3E96-4C0A-9BAE-3F74BEB5DDD2}.Release|Any CPU.ActiveCfg = Release|Any CPU
		{35C7B05F-3E96-4C0A-9BAE-3F74BEB5DDD2}.Release|Any CPU.Build.0 = Release|Any CPU
		{B188F423-0964-4002-AB43-72ED72B423AA}.Debug|Any CPU.ActiveCfg = Debug|Any CPU
		{B188F423-0964-4002-AB43-72ED72B423AA}.Debug|Any CPU.Build.0 = Debug|Any CPU
		{B188F423-0964-4002-AB43-72ED72B423AA}.Release|Any CPU.ActiveCfg = Release|Any CPU
		{B188F423-0964-4002-AB43-72ED72B423AA}.Release|Any CPU.Build.0 = Release|Any CPU
		{2EE26F05-A022-40B5-949C-D97641341BBE}.Debug|Any CPU.ActiveCfg = Debug|Any CPU
		{2EE26F05-A022-40B5-949C-D97641341BBE}.Debug|Any CPU.Build.0 = Debug|Any CPU
		{2EE26F05-A022-40B5-949C-D97641341BBE}.Release|Any CPU.ActiveCfg = Release|Any CPU
		{2EE26F05-A022-40B5-949C-D97641341BBE}.Release|Any CPU.Build.0 = Release|Any CPU
		{148F8202-FC73-40ED-BDBB-2C6D33E52EFC}.Debug|Any CPU.ActiveCfg = Debug|Any CPU
		{148F8202-FC73-40ED-BDBB-2C6D33E52EFC}.Debug|Any CPU.Build.0 = Debug|Any CPU
		{148F8202-FC73-40ED-BDBB-2C6D33E52EFC}.Release|Any CPU.ActiveCfg = Release|Any CPU
		{148F8202-FC73-40ED-BDBB-2C6D33E52EFC}.Release|Any CPU.Build.0 = Release|Any CPU
	EndGlobalSection
	GlobalSection(SolutionProperties) = preSolution
		HideSolutionNode = FALSE
	EndGlobalSection
	GlobalSection(ExtensibilityGlobals) = postSolution
		SolutionGuid = {0A6DDC6D-FC3A-45C0-B323-7DEED17DB808}
	EndGlobalSection
EndGlobal
